
Microsoft Visual Studio Solution File, Format Version 12.00
# Visual Studio Version 16
VisualStudioVersion = 16.0.31702.278
MinimumVisualStudioVersion = 10.0.40219.1
Project("{8BC9CEB8-8B4A-11D0-8D11-00A0C91BC942}") = "WIDTH2", "WIDTH2.vcxproj", "{FCC068E7-DCB2-4A71-9B11-76296E3D28A2}"
EndProject
Global
	GlobalSection(SolutionConfigurationPlatforms) = preSolution
		Debug|x64 = Debug|x64
		Debug|x86 = Debug|x86
		Release|x64 = Release|x64
		Release|x86 = Release|x86
	EndGlobalSection
	GlobalSection(ProjectConfigurationPlatforms) = postSolution
		{FCC068E7-DCB2-4A71-9B11-76296E3D28A2}.Debug|x64.ActiveCfg = Debug|x64
		{FCC068E7-DCB2-4A71-9B11-76296E3D28A2}.Debug|x64.Build.0 = Debug|x64
		{FCC068E7-DCB2-4A71-9B11-76296E3D28A2}.Debug|x86.ActiveCfg = Debug|Win32
		{FCC068E7-DCB2-4A71-9B11-76296E3D28A2}.Debug|x86.Build.0 = Debug|Win32
		{FCC068E7-DCB2-4A71-9B11-76296E3D28A2}.Release|x64.ActiveCfg = Release|x64
		{FCC068E7-DCB2-4A71-9B11-76296E3D28A2}.Release|x64.Build.0 = Release|x64
		{FCC068E7-DCB2-4A71-9B11-76296E3D28A2}.Release|x86.ActiveCfg = Release|Win32
		{FCC068E7-DCB2-4A71-9B11-76296E3D28A2}.Release|x86.Build.0 = Release|Win32
	EndGlobalSection
	GlobalSection(SolutionProperties) = preSolution
		HideSolutionNode = FALSE
	EndGlobalSection
	GlobalSection(ExtensibilityGlobals) = postSolution
		SolutionGuid = {A526EB6D-C3A0-432C-BF30-1A3D71172472}
	EndGlobalSection
EndGlobal
